// !$*UTF8*$!
{
	archiveVersion = 1;
	classes = {
	};
	objectVersion = 56;
	objects = {

/* Begin PBXBuildFile section */
		422B5CF02A8F614A00DA259D /* LoginViewController.swift in Sources */ = {isa = PBXBuildFile; fileRef = 422B5CEF2A8F614A00DA259D /* LoginViewController.swift */; };
		422B5CF32A8F8EB700DA259D /* RegistrationViewController.swift in Sources */ = {isa = PBXBuildFile; fileRef = 422B5CF22A8F8EB700DA259D /* RegistrationViewController.swift */; };
		422B5D152A90A7A600DA259D /* MainVC.swift in Sources */ = {isa = PBXBuildFile; fileRef = 422B5D142A90A7A600DA259D /* MainVC.swift */; };
		422B5D192A90BC5F00DA259D /* BasketVC.swift in Sources */ = {isa = PBXBuildFile; fileRef = 422B5D182A90BC5F00DA259D /* BasketVC.swift */; };
		422B5D1B2A90BC7000DA259D /* ProfileVC.swift in Sources */ = {isa = PBXBuildFile; fileRef = 422B5D1A2A90BC7000DA259D /* ProfileVC.swift */; };
		42770C0C2A8E044800206634 /* Users.swift in Sources */ = {isa = PBXBuildFile; fileRef = 42770C0B2A8E044800206634 /* Users.swift */; };
		42770C102A8E08E400206634 /* WelconViewController.swift in Sources */ = {isa = PBXBuildFile; fileRef = 42770C0F2A8E08E400206634 /* WelconViewController.swift */; };
		42770C152A8E29B900206634 /* Localizable.strings in Resources */ = {isa = PBXBuildFile; fileRef = 42770C172A8E29B900206634 /* Localizable.strings */; };
		42A1118E2A8E64FE000A01F7 /* LoginVC.swift in Sources */ = {isa = PBXBuildFile; fileRef = 42A1118D2A8E64FE000A01F7 /* LoginVC.swift */; };
		42A111902A8E650B000A01F7 /* RegistrationVC.swift in Sources */ = {isa = PBXBuildFile; fileRef = 42A1118F2A8E650B000A01F7 /* RegistrationVC.swift */; };
		42ECD7882A72F4BE007B2105 /* AppDelegate.swift in Sources */ = {isa = PBXBuildFile; fileRef = 42ECD7872A72F4BE007B2105 /* AppDelegate.swift */; };
		42ECD78A2A72F4BE007B2105 /* SceneDelegate.swift in Sources */ = {isa = PBXBuildFile; fileRef = 42ECD7892A72F4BE007B2105 /* SceneDelegate.swift */; };
		42ECD78C2A72F4BE007B2105 /* WelcomeVC.swift in Sources */ = {isa = PBXBuildFile; fileRef = 42ECD78B2A72F4BE007B2105 /* WelcomeVC.swift */; };
		42ECD7912A72F4C0007B2105 /* Assets.xcassets in Resources */ = {isa = PBXBuildFile; fileRef = 42ECD7902A72F4C0007B2105 /* Assets.xcassets */; };
		42ECD7942A72F4C0007B2105 /* LaunchScreen.storyboard in Resources */ = {isa = PBXBuildFile; fileRef = 42ECD7922A72F4C0007B2105 /* LaunchScreen.storyboard */; };
/* End PBXBuildFile section */

/* Begin PBXFileReference section */
		422B5CEF2A8F614A00DA259D /* LoginViewController.swift */ = {isa = PBXFileReference; lastKnownFileType = sourcecode.swift; path = LoginViewController.swift; sourceTree = "<group>"; };
		422B5CF22A8F8EB700DA259D /* RegistrationViewController.swift */ = {isa = PBXFileReference; lastKnownFileType = sourcecode.swift; path = RegistrationViewController.swift; sourceTree = "<group>"; };
		422B5D142A90A7A600DA259D /* MainVC.swift */ = {isa = PBXFileReference; lastKnownFileType = sourcecode.swift; path = MainVC.swift; sourceTree = "<group>"; };
		422B5D182A90BC5F00DA259D /* BasketVC.swift */ = {isa = PBXFileReference; lastKnownFileType = sourcecode.swift; path = BasketVC.swift; sourceTree = "<group>"; };
		422B5D1A2A90BC7000DA259D /* ProfileVC.swift */ = {isa = PBXFileReference; lastKnownFileType = sourcecode.swift; path = ProfileVC.swift; sourceTree = "<group>"; };
		42770C0B2A8E044800206634 /* Users.swift */ = {isa = PBXFileReference; lastKnownFileType = sourcecode.swift; path = Users.swift; sourceTree = "<group>"; };
		42770C0F2A8E08E400206634 /* WelconViewController.swift */ = {isa = PBXFileReference; lastKnownFileType = sourcecode.swift; path = WelconViewController.swift; sourceTree = "<group>"; };
		42770C162A8E29B900206634 /* en */ = {isa = PBXFileReference; lastKnownFileType = text.plist.strings; name = en; path = en.lproj/Localizable.strings; sourceTree = "<group>"; };
		42770C1A2A8E2A1600206634 /* ru */ = {isa = PBXFileReference; lastKnownFileType = text.plist.strings; name = ru; path = ru.lproj/LaunchScreen.strings; sourceTree = "<group>"; };
		42770C1B2A8E2A2200206634 /* ru */ = {isa = PBXFileReference; lastKnownFileType = text.plist.strings; name = ru; path = ru.lproj/Localizable.strings; sourceTree = "<group>"; };
		42A1118D2A8E64FE000A01F7 /* LoginVC.swift */ = {isa = PBXFileReference; lastKnownFileType = sourcecode.swift; path = LoginVC.swift; sourceTree = "<group>"; };
		42A1118F2A8E650B000A01F7 /* RegistrationVC.swift */ = {isa = PBXFileReference; lastKnownFileType = sourcecode.swift; path = RegistrationVC.swift; sourceTree = "<group>"; };
		42ECD7842A72F4BE007B2105 /* ShopApp.app */ = {isa = PBXFileReference; explicitFileType = wrapper.application; includeInIndex = 0; path = ShopApp.app; sourceTree = BUILT_PRODUCTS_DIR; };
		42ECD7872A72F4BE007B2105 /* AppDelegate.swift */ = {isa = PBXFileReference; lastKnownFileType = sourcecode.swift; path = AppDelegate.swift; sourceTree = "<group>"; };
		42ECD7892A72F4BE007B2105 /* SceneDelegate.swift */ = {isa = PBXFileReference; lastKnownFileType = sourcecode.swift; path = SceneDelegate.swift; sourceTree = "<group>"; };
		42ECD78B2A72F4BE007B2105 /* WelcomeVC.swift */ = {isa = PBXFileReference; lastKnownFileType = sourcecode.swift; path = WelcomeVC.swift; sourceTree = "<group>"; };
		42ECD7902A72F4C0007B2105 /* Assets.xcassets */ = {isa = PBXFileReference; lastKnownFileType = folder.assetcatalog; path = Assets.xcassets; sourceTree = "<group>"; };
		42ECD7932A72F4C0007B2105 /* Base */ = {isa = PBXFileReference; lastKnownFileType = file.storyboard; name = Base; path = Base.lproj/LaunchScreen.storyboard; sourceTree = "<group>"; };
		42ECD7952A72F4C0007B2105 /* Info.plist */ = {isa = PBXFileReference; lastKnownFileType = text.plist.xml; path = Info.plist; sourceTree = "<group>"; };
/* End PBXFileReference section */

/* Begin PBXFrameworksBuildPhase section */
		42ECD7812A72F4BE007B2105 /* Frameworks */ = {
			isa = PBXFrameworksBuildPhase;
			buildActionMask = 2147483647;
			files = (
			);
			runOnlyForDeploymentPostprocessing = 0;
		};
/* End PBXFrameworksBuildPhase section */

/* Begin PBXGroup section */
		422B5CF12A8F628500DA259D /* Service */ = {
			isa = PBXGroup;
			children = (
			);
			path = Service;
			sourceTree = "<group>";
		};
		422B5D1C2A90D4B000DA259D /* Presenters */ = {
			isa = PBXGroup;
			children = (
			);
			path = Presenters;
			sourceTree = "<group>";
		};
		42770C022A83E5D100206634 /* Resource */ = {
			isa = PBXGroup;
			children = (
				42ECD7902A72F4C0007B2105 /* Assets.xcassets */,
				42ECD7922A72F4C0007B2105 /* LaunchScreen.storyboard */,
				42ECD7952A72F4C0007B2105 /* Info.plist */,
				42770C172A8E29B900206634 /* Localizable.strings */,
			);
			path = Resource;
			sourceTree = "<group>";
		};
		42770C032A83E5E200206634 /* App */ = {
			isa = PBXGroup;
			children = (
				42ECD7872A72F4BE007B2105 /* AppDelegate.swift */,
				42ECD7892A72F4BE007B2105 /* SceneDelegate.swift */,
			);
			path = App;
			sourceTree = "<group>";
		};
		42770C042A83E7B400206634 /* Core */ = {
			isa = PBXGroup;
			children = (
				42770C0E2A8E08C700206634 /* Extensions */,
			);
			path = Core;
			sourceTree = "<group>";
		};
		42770C052A83E7B900206634 /* Api */ = {
			isa = PBXGroup;
			children = (
				422B5CF12A8F628500DA259D /* Service */,
				42770C0D2A8E05DB00206634 /* Models */,
			);
			path = Api;
			sourceTree = "<group>";
		};
		42770C092A8E042000206634 /* Models */ = {
			isa = PBXGroup;
			children = (
			);
			path = Models;
			sourceTree = "<group>";
		};
		42770C0A2A8E042800206634 /* Views */ = {
			isa = PBXGroup;
			children = (
				42ECD78B2A72F4BE007B2105 /* WelcomeVC.swift */,
				42A1118D2A8E64FE000A01F7 /* LoginVC.swift */,
				42A1118F2A8E650B000A01F7 /* RegistrationVC.swift */,
				422B5D142A90A7A600DA259D /* MainVC.swift */,
				422B5D182A90BC5F00DA259D /* BasketVC.swift */,
				422B5D1A2A90BC7000DA259D /* ProfileVC.swift */,
			);
			path = Views;
			sourceTree = "<group>";
		};
		42770C0D2A8E05DB00206634 /* Models */ = {
			isa = PBXGroup;
			children = (
				42770C0B2A8E044800206634 /* Users.swift */,
			);
			path = Models;
			sourceTree = "<group>";
		};
		42770C0E2A8E08C700206634 /* Extensions */ = {
			isa = PBXGroup;
			children = (
				42770C0F2A8E08E400206634 /* WelconViewController.swift */,
				422B5CEF2A8F614A00DA259D /* LoginViewController.swift */,
				422B5CF22A8F8EB700DA259D /* RegistrationViewController.swift */,
			);
			path = Extensions;
			sourceTree = "<group>";
		};
		42ECD77B2A72F4BE007B2105 = {
			isa = PBXGroup;
			children = (
				42ECD7862A72F4BE007B2105 /* ShopApp */,
				42ECD7852A72F4BE007B2105 /* Products */,
			);
			sourceTree = "<group>";
		};
		42ECD7852A72F4BE007B2105 /* Products */ = {
			isa = PBXGroup;
			children = (
				42ECD7842A72F4BE007B2105 /* ShopApp.app */,
			);
			name = Products;
			sourceTree = "<group>";
		};
		42ECD7862A72F4BE007B2105 /* ShopApp */ = {
			isa = PBXGroup;
			children = (
				42770C092A8E042000206634 /* Models */,
				42770C0A2A8E042800206634 /* Views */,
				422B5D1C2A90D4B000DA259D /* Presenters */,
				42770C052A83E7B900206634 /* Api */,
				42770C042A83E7B400206634 /* Core */,
				42770C032A83E5E200206634 /* App */,
				42770C022A83E5D100206634 /* Resource */,
			);
			path = ShopApp;
			sourceTree = "<group>";
		};
/* End PBXGroup section */

/* Begin PBXNativeTarget section */
		42ECD7832A72F4BE007B2105 /* ShopApp */ = {
			isa = PBXNativeTarget;
			buildConfigurationList = 42ECD7982A72F4C0007B2105 /* Build configuration list for PBXNativeTarget "ShopApp" */;
			buildPhases = (
				42ECD7802A72F4BE007B2105 /* Sources */,
				42ECD7812A72F4BE007B2105 /* Frameworks */,
				42ECD7822A72F4BE007B2105 /* Resources */,
			);
			buildRules = (
			);
			dependencies = (
			);
			name = ShopApp;
			productName = ShopApp;
			productReference = 42ECD7842A72F4BE007B2105 /* ShopApp.app */;
			productType = "com.apple.product-type.application";
		};
/* End PBXNativeTarget section */

/* Begin PBXProject section */
		42ECD77C2A72F4BE007B2105 /* Project object */ = {
			isa = PBXProject;
			attributes = {
				BuildIndependentTargetsInParallel = 1;
				LastSwiftUpdateCheck = 1420;
				LastUpgradeCheck = 1420;
				TargetAttributes = {
					42ECD7832A72F4BE007B2105 = {
						CreatedOnToolsVersion = 14.2;
					};
				};
			};
			buildConfigurationList = 42ECD77F2A72F4BE007B2105 /* Build configuration list for PBXProject "ShopApp" */;
			compatibilityVersion = "Xcode 14.0";
			developmentRegion = en;
			hasScannedForEncodings = 0;
			knownRegions = (
				en,
				Base,
				ru,
			);
			mainGroup = 42ECD77B2A72F4BE007B2105;
			productRefGroup = 42ECD7852A72F4BE007B2105 /* Products */;
			projectDirPath = "";
			projectRoot = "";
			targets = (
				42ECD7832A72F4BE007B2105 /* ShopApp */,
			);
		};
/* End PBXProject section */

/* Begin PBXResourcesBuildPhase section */
		42ECD7822A72F4BE007B2105 /* Resources */ = {
			isa = PBXResourcesBuildPhase;
			buildActionMask = 2147483647;
			files = (
				42ECD7942A72F4C0007B2105 /* LaunchScreen.storyboard in Resources */,
				42770C152A8E29B900206634 /* Localizable.strings in Resources */,
				42ECD7912A72F4C0007B2105 /* Assets.xcassets in Resources */,
			);
			runOnlyForDeploymentPostprocessing = 0;
		};
/* End PBXResourcesBuildPhase section */

/* Begin PBXSourcesBuildPhase section */
		42ECD7802A72F4BE007B2105 /* Sources */ = {
			isa = PBXSourcesBuildPhase;
			buildActionMask = 2147483647;
			files = (
				422B5D1B2A90BC7000DA259D /* ProfileVC.swift in Sources */,
				422B5D152A90A7A600DA259D /* MainVC.swift in Sources */,
				42A111902A8E650B000A01F7 /* RegistrationVC.swift in Sources */,
				422B5D192A90BC5F00DA259D /* BasketVC.swift in Sources */,
				42770C102A8E08E400206634 /* WelconViewController.swift in Sources */,
				42770C0C2A8E044800206634 /* Users.swift in Sources */,
				422B5CF32A8F8EB700DA259D /* RegistrationViewController.swift in Sources */,
				42A1118E2A8E64FE000A01F7 /* LoginVC.swift in Sources */,
				42ECD78C2A72F4BE007B2105 /* WelcomeVC.swift in Sources */,
				422B5CF02A8F614A00DA259D /* LoginViewController.swift in Sources */,
				42ECD7882A72F4BE007B2105 /* AppDelegate.swift in Sources */,
				42ECD78A2A72F4BE007B2105 /* SceneDelegate.swift in Sources */,
			);
			runOnlyForDeploymentPostprocessing = 0;
		};
/* End PBXSourcesBuildPhase section */

/* Begin PBXVariantGroup section */
		42770C172A8E29B900206634 /* Localizable.strings */ = {
			isa = PBXVariantGroup;
			children = (
				42770C162A8E29B900206634 /* en */,
				42770C1B2A8E2A2200206634 /* ru */,
			);
			name = Localizable.strings;
			sourceTree = "<group>";
		};
		42ECD7922A72F4C0007B2105 /* LaunchScreen.storyboard */ = {
			isa = PBXVariantGroup;
			children = (
				42ECD7932A72F4C0007B2105 /* Base */,
				42770C1A2A8E2A1600206634 /* ru */,
			);
			name = LaunchScreen.storyboard;
			sourceTree = "<group>";
		};
/* End PBXVariantGroup section */

/* Begin XCBuildConfiguration section */
		42ECD7962A72F4C0007B2105 /* Debug */ = {
			isa = XCBuildConfiguration;
			buildSettings = {
				ALWAYS_SEARCH_USER_PATHS = NO;
				CLANG_ANALYZER_LOCALIZABILITY_NONLOCALIZED = YES;
				CLANG_ANALYZER_NONNULL = YES;
				CLANG_ANALYZER_NUMBER_OBJECT_CONVERSION = YES_AGGRESSIVE;
				CLANG_CXX_LANGUAGE_STANDARD = "gnu++20";
				CLANG_ENABLE_MODULES = YES;
				CLANG_ENABLE_OBJC_ARC = YES;
				CLANG_ENABLE_OBJC_WEAK = YES;
				CLANG_WARN_BLOCK_CAPTURE_AUTORELEASING = YES;
				CLANG_WARN_BOOL_CONVERSION = YES;
				CLANG_WARN_COMMA = YES;
				CLANG_WARN_CONSTANT_CONVERSION = YES;
				CLANG_WARN_DEPRECATED_OBJC_IMPLEMENTATIONS = YES;
				CLANG_WARN_DIRECT_OBJC_ISA_USAGE = YES_ERROR;
				CLANG_WARN_DOCUMENTATION_COMMENTS = YES;
				CLANG_WARN_EMPTY_BODY = YES;
				CLANG_WARN_ENUM_CONVERSION = YES;
				CLANG_WARN_INFINITE_RECURSION = YES;
				CLANG_WARN_INT_CONVERSION = YES;
				CLANG_WARN_NON_LITERAL_NULL_CONVERSION = YES;
				CLANG_WARN_OBJC_IMPLICIT_RETAIN_SELF = YES;
				CLANG_WARN_OBJC_LITERAL_CONVERSION = YES;
				CLANG_WARN_OBJC_ROOT_CLASS = YES_ERROR;
				CLANG_WARN_QUOTED_INCLUDE_IN_FRAMEWORK_HEADER = YES;
				CLANG_WARN_RANGE_LOOP_ANALYSIS = YES;
				CLANG_WARN_STRICT_PROTOTYPES = YES;
				CLANG_WARN_SUSPICIOUS_MOVE = YES;
				CLANG_WARN_UNGUARDED_AVAILABILITY = YES_AGGRESSIVE;
				CLANG_WARN_UNREACHABLE_CODE = YES;
				CLANG_WARN__DUPLICATE_METHOD_MATCH = YES;
				COPY_PHASE_STRIP = NO;
				DEBUG_INFORMATION_FORMAT = dwarf;
				ENABLE_STRICT_OBJC_MSGSEND = YES;
				ENABLE_TESTABILITY = YES;
				GCC_C_LANGUAGE_STANDARD = gnu11;
				GCC_DYNAMIC_NO_PIC = NO;
				GCC_NO_COMMON_BLOCKS = YES;
				GCC_OPTIMIZATION_LEVEL = 0;
				GCC_PREPROCESSOR_DEFINITIONS = (
					"DEBUG=1",
					"$(inherited)",
				);
				GCC_WARN_64_TO_32_BIT_CONVERSION = YES;
				GCC_WARN_ABOUT_RETURN_TYPE = YES_ERROR;
				GCC_WARN_UNDECLARED_SELECTOR = YES;
				GCC_WARN_UNINITIALIZED_AUTOS = YES_AGGRESSIVE;
				GCC_WARN_UNUSED_FUNCTION = YES;
				GCC_WARN_UNUSED_VARIABLE = YES;
				IPHONEOS_DEPLOYMENT_TARGET = 16.2;
				MTL_ENABLE_DEBUG_INFO = INCLUDE_SOURCE;
				MTL_FAST_MATH = YES;
				ONLY_ACTIVE_ARCH = YES;
				SDKROOT = iphoneos;
				SWIFT_ACTIVE_COMPILATION_CONDITIONS = DEBUG;
				SWIFT_OPTIMIZATION_LEVEL = "-Onone";
			};
			name = Debug;
		};
		42ECD7972A72F4C0007B2105 /* Release */ = {
			isa = XCBuildConfiguration;
			buildSettings = {
				ALWAYS_SEARCH_USER_PATHS = NO;
				CLANG_ANALYZER_LOCALIZABILITY_NONLOCALIZED = YES;
				CLANG_ANALYZER_NONNULL = YES;
				CLANG_ANALYZER_NUMBER_OBJECT_CONVERSION = YES_AGGRESSIVE;
				CLANG_CXX_LANGUAGE_STANDARD = "gnu++20";
				CLANG_ENABLE_MODULES = YES;
				CLANG_ENABLE_OBJC_ARC = YES;
				CLANG_ENABLE_OBJC_WEAK = YES;
				CLANG_WARN_BLOCK_CAPTURE_AUTORELEASING = YES;
				CLANG_WARN_BOOL_CONVERSION = YES;
				CLANG_WARN_COMMA = YES;
				CLANG_WARN_CONSTANT_CONVERSION = YES;
				CLANG_WARN_DEPRECATED_OBJC_IMPLEMENTATIONS = YES;
				CLANG_WARN_DIRECT_OBJC_ISA_USAGE = YES_ERROR;
				CLANG_WARN_DOCUMENTATION_COMMENTS = YES;
				CLANG_WARN_EMPTY_BODY = YES;
				CLANG_WARN_ENUM_CONVERSION = YES;
				CLANG_WARN_INFINITE_RECURSION = YES;
				CLANG_WARN_INT_CONVERSION = YES;
				CLANG_WARN_NON_LITERAL_NULL_CONVERSION = YES;
				CLANG_WARN_OBJC_IMPLICIT_RETAIN_SELF = YES;
				CLANG_WARN_OBJC_LITERAL_CONVERSION = YES;
				CLANG_WARN_OBJC_ROOT_CLASS = YES_ERROR;
				CLANG_WARN_QUOTED_INCLUDE_IN_FRAMEWORK_HEADER = YES;
				CLANG_WARN_RANGE_LOOP_ANALYSIS = YES;
				CLANG_WARN_STRICT_PROTOTYPES = YES;
				CLANG_WARN_SUSPICIOUS_MOVE = YES;
				CLANG_WARN_UNGUARDED_AVAILABILITY = YES_AGGRESSIVE;
				CLANG_WARN_UNREACHABLE_CODE = YES;
				CLANG_WARN__DUPLICATE_METHOD_MATCH = YES;
				COPY_PHASE_STRIP = NO;
				DEBUG_INFORMATION_FORMAT = "dwarf-with-dsym";
				ENABLE_NS_ASSERTIONS = NO;
				ENABLE_STRICT_OBJC_MSGSEND = YES;
				GCC_C_LANGUAGE_STANDARD = gnu11;
				GCC_NO_COMMON_BLOCKS = YES;
				GCC_WARN_64_TO_32_BIT_CONVERSION = YES;
				GCC_WARN_ABOUT_RETURN_TYPE = YES_ERROR;
				GCC_WARN_UNDECLARED_SELECTOR = YES;
				GCC_WARN_UNINITIALIZED_AUTOS = YES_AGGRESSIVE;
				GCC_WARN_UNUSED_FUNCTION = YES;
				GCC_WARN_UNUSED_VARIABLE = YES;
				IPHONEOS_DEPLOYMENT_TARGET = 16.2;
				MTL_ENABLE_DEBUG_INFO = NO;
				MTL_FAST_MATH = YES;
				SDKROOT = iphoneos;
				SWIFT_COMPILATION_MODE = wholemodule;
				SWIFT_OPTIMIZATION_LEVEL = "-O";
				VALIDATE_PRODUCT = YES;
			};
			name = Release;
		};
		42ECD7992A72F4C0007B2105 /* Debug */ = {
			isa = XCBuildConfiguration;
			buildSettings = {
				ASSETCATALOG_COMPILER_APPICON_NAME = AppIcon;
				ASSETCATALOG_COMPILER_GLOBAL_ACCENT_COLOR_NAME = AccentColor;
				CODE_SIGN_STYLE = Automatic;
				CURRENT_PROJECT_VERSION = 1;
				GENERATE_INFOPLIST_FILE = YES;
				INFOPLIST_FILE = ShopApp/Resource/Info.plist;
				INFOPLIST_KEY_UIApplicationSupportsIndirectInputEvents = YES;
				INFOPLIST_KEY_UILaunchStoryboardName = LaunchScreen;
				INFOPLIST_KEY_UIMainStoryboardFile = "";
				INFOPLIST_KEY_UISupportedInterfaceOrientations = "UIInterfaceOrientationLandscapeLeft UIInterfaceOrientationLandscapeRight UIInterfaceOrientationPortrait";
				INFOPLIST_KEY_UISupportedInterfaceOrientations_iPad = UIInterfaceOrientationPortrait;
				LD_RUNPATH_SEARCH_PATHS = (
					"$(inherited)",
					"@executable_path/Frameworks",
				);
				MARKETING_VERSION = 1.0;
				PRODUCT_BUNDLE_IDENTIFIER = as.ShopApp;
				PRODUCT_NAME = "$(TARGET_NAME)";
				SWIFT_EMIT_LOC_STRINGS = YES;
				SWIFT_VERSION = 5.0;
				TARGETED_DEVICE_FAMILY = "1,2";
			};
			name = Debug;
		};
		42ECD79A2A72F4C0007B2105 /* Release */ = {
			isa = XCBuildConfiguration;
			buildSettings = {
				ASSETCATALOG_COMPILER_APPICON_NAME = AppIcon;
				ASSETCATALOG_COMPILER_GLOBAL_ACCENT_COLOR_NAME = AccentColor;
				CODE_SIGN_STYLE = Automatic;
				CURRENT_PROJECT_VERSION = 1;
				GENERATE_INFOPLIST_FILE = YES;
				INFOPLIST_FILE = ShopApp/Resource/Info.plist;
				INFOPLIST_KEY_UIApplicationSupportsIndirectInputEvents = YES;
				INFOPLIST_KEY_UILaunchStoryboardName = LaunchScreen;
				INFOPLIST_KEY_UIMainStoryboardFile = "";
				INFOPLIST_KEY_UISupportedInterfaceOrientations = "UIInterfaceOrientationLandscapeLeft UIInterfaceOrientationLandscapeRight UIInterfaceOrientationPortrait";
				INFOPLIST_KEY_UISupportedInterfaceOrientations_iPad = UIInterfaceOrientationPortrait;
				LD_RUNPATH_SEARCH_PATHS = (
					"$(inherited)",
					"@executable_path/Frameworks",
				);
				MARKETING_VERSION = 1.0;
				PRODUCT_BUNDLE_IDENTIFIER = as.ShopApp;
				PRODUCT_NAME = "$(TARGET_NAME)";
				SWIFT_EMIT_LOC_STRINGS = YES;
				SWIFT_VERSION = 5.0;
				TARGETED_DEVICE_FAMILY = "1,2";
			};
			name = Release;
		};
/* End XCBuildConfiguration section */

/* Begin XCConfigurationList section */
		42ECD77F2A72F4BE007B2105 /* Build configuration list for PBXProject "ShopApp" */ = {
			isa = XCConfigurationList;
			buildConfigurations = (
				42ECD7962A72F4C0007B2105 /* Debug */,
				42ECD7972A72F4C0007B2105 /* Release */,
			);
			defaultConfigurationIsVisible = 0;
			defaultConfigurationName = Release;
		};
		42ECD7982A72F4C0007B2105 /* Build configuration list for PBXNativeTarget "ShopApp" */ = {
			isa = XCConfigurationList;
			buildConfigurations = (
				42ECD7992A72F4C0007B2105 /* Debug */,
				42ECD79A2A72F4C0007B2105 /* Release */,
			);
			defaultConfigurationIsVisible = 0;
			defaultConfigurationName = Release;
		};
/* End XCConfigurationList section */
	};
	rootObject = 42ECD77C2A72F4BE007B2105 /* Project object */;
}
